
Microsoft Visual Studio Solution File, Format Version 12.00
# Visual Studio Version 17
VisualStudioVersion = 17.0.31903.59
MinimumVisualStudioVersion = 10.0.40219.1
Project("{2150E333-8FDC-42A3-9474-1A3956D46DE8}") = "src", "src", "{827E0CD3-B72D-47B6-A68D-7590B98EB39B}"
EndProject
Project("{FAE04EC0-301F-11D3-BF4B-00C04F79EFBC}") = "RecipeTracker.Domain", "src\RecipeTracker.Domain\RecipeTracker.Domain.csproj", "{A6EC1984-1ABB-4F83-B071-738D34082B6D}"
EndProject
Project("{FAE04EC0-301F-11D3-BF4B-00C04F79EFBC}") = "RecipeTracker.Infrastructure", "src\RecipeTracker.Infrastructure\RecipeTracker.Infrastructure.csproj", "{420B6BEF-8126-432C-8E92-58B0EC2EE1B5}"
EndProject
Project("{FAE04EC0-301F-11D3-BF4B-00C04F79EFBC}") = "RecipeTracker.Api", "src\RecipeTracker.Api\RecipeTracker.Api.csproj", "{A4062402-576E-47E7-8A25-FA057DC5D2B6}"
EndProject
Project("{FAE04EC0-301F-11D3-BF4B-00C04F79EFBC}") = "RecipeTracker.Tests", "src\RecipeTracker.Tests\RecipeTracker.Tests.csproj", "{74D51E4B-53F0-4F06-AFAC-5D6514323289}"
EndProject
Global
	GlobalSection(SolutionConfigurationPlatforms) = preSolution
		Debug|Any CPU = Debug|Any CPU
		Debug|x64 = Debug|x64
		Debug|x86 = Debug|x86
		Release|Any CPU = Release|Any CPU
		Release|x64 = Release|x64
		Release|x86 = Release|x86
	EndGlobalSection
	GlobalSection(ProjectConfigurationPlatforms) = postSolution
		{A6EC1984-1ABB-4F83-B071-738D34082B6D}.Debug|Any CPU.ActiveCfg = Debug|Any CPU
		{A6EC1984-1ABB-4F83-B071-738D34082B6D}.Debug|Any CPU.Build.0 = Debug|Any CPU
		{A6EC1984-1ABB-4F83-B071-738D34082B6D}.Debug|x64.ActiveCfg = Debug|Any CPU
		{A6EC1984-1ABB-4F83-B071-738D34082B6D}.Debug|x64.Build.0 = Debug|Any CPU
		{A6EC1984-1ABB-4F83-B071-738D34082B6D}.Debug|x86.ActiveCfg = Debug|Any CPU
		{A6EC1984-1ABB-4F83-B071-738D34082B6D}.Debug|x86.Build.0 = Debug|Any CPU
		{A6EC1984-1ABB-4F83-B071-738D34082B6D}.Release|Any CPU.ActiveCfg = Release|Any CPU
		{A6EC1984-1ABB-4F83-B071-738D34082B6D}.Release|Any CPU.Build.0 = Release|Any CPU
		{A6EC1984-1ABB-4F83-B071-738D34082B6D}.Release|x64.ActiveCfg = Release|Any CPU
		{A6EC1984-1ABB-4F83-B071-738D34082B6D}.Release|x64.Build.0 = Release|Any CPU
		{A6EC1984-1ABB-4F83-B071-738D34082B6D}.Release|x86.ActiveCfg = Release|Any CPU
		{A6EC1984-1ABB-4F83-B071-738D34082B6D}.Release|x86.Build.0 = Release|Any CPU
		{420B6BEF-8126-432C-8E92-58B0EC2EE1B5}.Debug|Any CPU.ActiveCfg = Debug|Any CPU
		{420B6BEF-8126-432C-8E92-58B0EC2EE1B5}.Debug|Any CPU.Build.0 = Debug|Any CPU
		{420B6BEF-8126-432C-8E92-58B0EC2EE1B5}.Debug|x64.ActiveCfg = Debug|Any CPU
		{420B6BEF-8126-432C-8E92-58B0EC2EE1B5}.Debug|x64.Build.0 = Debug|Any CPU
		{420B6BEF-8126-432C-8E92-58B0EC2EE1B5}.Debug|x86.ActiveCfg = Debug|Any CPU
		{420B6BEF-8126-432C-8E92-58B0EC2EE1B5}.Debug|x86.Build.0 = Debug|Any CPU
		{420B6BEF-8126-432C-8E92-58B0EC2EE1B5}.Release|Any CPU.ActiveCfg = Release|Any CPU
		{420B6BEF-8126-432C-8E92-58B0EC2EE1B5}.Release|Any CPU.Build.0 = Release|Any CPU
		{420B6BEF-8126-432C-8E92-58B0EC2EE1B5}.Release|x64.ActiveCfg = Release|Any CPU
		{420B6BEF-8126-432C-8E92-58B0EC2EE1B5}.Release|x64.Build.0 = Release|Any CPU
		{420B6BEF-8126-432C-8E92-58B0EC2EE1B5}.Release|x86.ActiveCfg = Release|Any CPU
		{420B6BEF-8126-432C-8E92-58B0EC2EE1B5}.Release|x86.Build.0 = Release|Any CPU
		{A4062402-576E-47E7-8A25-FA057DC5D2B6}.Debug|Any CPU.ActiveCfg = Debug|Any CPU
		{A4062402-576E-47E7-8A25-FA057DC5D2B6}.Debug|Any CPU.Build.0 = Debug|Any CPU
		{A4062402-576E-47E7-8A25-FA057DC5D2B6}.Debug|x64.ActiveCfg = Debug|Any CPU
		{A4062402-576E-47E7-8A25-FA057DC5D2B6}.Debug|x64.Build.0 = Debug|Any CPU
		{A4062402-576E-47E7-8A25-FA057DC5D2B6}.Debug|x86.ActiveCfg = Debug|Any CPU
		{A4062402-576E-47E7-8A25-FA057DC5D2B6}.Debug|x86.Build.0 = Debug|Any CPU
		{A4062402-576E-47E7-8A25-FA057DC5D2B6}.Release|Any CPU.ActiveCfg = Release|Any CPU
		{A4062402-576E-47E7-8A25-FA057DC5D2B6}.Release|Any CPU.Build.0 = Release|Any CPU
		{A4062402-576E-47E7-8A25-FA057DC5D2B6}.Release|x64.ActiveCfg = Release|Any CPU
		{A4062402-576E-47E7-8A25-FA057DC5D2B6}.Release|x64.Build.0 = Release|Any CPU
		{A4062402-576E-47E7-8A25-FA057DC5D2B6}.Release|x86.ActiveCfg = Release|Any CPU
		{A4062402-576E-47E7-8A25-FA057DC5D2B6}.Release|x86.Build.0 = Release|Any CPU
		{74D51E4B-53F0-4F06-AFAC-5D6514323289}.Debug|Any CPU.ActiveCfg = Debug|Any CPU
		{74D51E4B-53F0-4F06-AFAC-5D6514323289}.Debug|Any CPU.Build.0 = Debug|Any CPU
		{74D51E4B-53F0-4F06-AFAC-5D6514323289}.Debug|x64.ActiveCfg = Debug|Any CPU
		{74D51E4B-53F0-4F06-AFAC-5D6514323289}.Debug|x64.Build.0 = Debug|Any CPU
		{74D51E4B-53F0-4F06-AFAC-5D6514323289}.Debug|x86.ActiveCfg = Debug|Any CPU
		{74D51E4B-53F0-4F06-AFAC-5D6514323289}.Debug|x86.Build.0 = Debug|Any CPU
		{74D51E4B-53F0-4F06-AFAC-5D6514323289}.Release|Any CPU.ActiveCfg = Release|Any CPU
		{74D51E4B-53F0-4F06-AFAC-5D6514323289}.Release|Any CPU.Build.0 = Release|Any CPU
		{74D51E4B-53F0-4F06-AFAC-5D6514323289}.Release|x64.ActiveCfg = Release|Any CPU
		{74D51E4B-53F0-4F06-AFAC-5D6514323289}.Release|x64.Build.0 = Release|Any CPU
		{74D51E4B-53F0-4F06-AFAC-5D6514323289}.Release|x86.ActiveCfg = Release|Any CPU
		{74D51E4B-53F0-4F06-AFAC-5D6514323289}.Release|x86.Build.0 = Release|Any CPU
	EndGlobalSection
	GlobalSection(SolutionProperties) = preSolution
		HideSolutionNode = FALSE
	EndGlobalSection
	GlobalSection(NestedProjects) = preSolution
		{A6EC1984-1ABB-4F83-B071-738D34082B6D} = {827E0CD3-B72D-47B6-A68D-7590B98EB39B}
		{420B6BEF-8126-432C-8E92-58B0EC2EE1B5} = {827E0CD3-B72D-47B6-A68D-7590B98EB39B}
		{A4062402-576E-47E7-8A25-FA057DC5D2B6} = {827E0CD3-B72D-47B6-A68D-7590B98EB39B}
		{74D51E4B-53F0-4F06-AFAC-5D6514323289} = {827E0CD3-B72D-47B6-A68D-7590B98EB39B}
	EndGlobalSection
EndGlobal
